// !$*UTF8*$!
{
	archiveVersion = 1;
	classes = {
	};
	objectVersion = 56;
	objects = {

/* Begin PBXBuildFile section */
		BD6EF66873E04C799C429924 /* main.m in Sources */ = {isa = PBXBuildFile; fileRef = A7035285ABCA4829A6740CE1 /* main.m */; };
		6301E8F938314998AEA7950C /* AppDelegate.m in Sources */ = {isa = PBXBuildFile; fileRef = 86E07465373540F9803BFFB8 /* AppDelegate.m */; };
		D3EF8176B2D34978A011DBD0 /* SceneDelegate.m in Sources */ = {isa = PBXBuildFile; fileRef = 3DF441C259AC4829A190761A /* SceneDelegate.m */; };
		E98762C76B7E44B78AE7B6F5 /* StarFieldView.m in Sources */ = {isa = PBXBuildFile; fileRef = 6612E37F0F464A688A20ED12 /* StarFieldView.m */; };
		52CFD88667F14C618AC9E791 /* LiquidGlassTabBarController.m in Sources */ = {isa = PBXBuildFile; fileRef = DEB66E0F20D44105850D3F1B /* LiquidGlassTabBarController.m */; };
		34E9DA842B574D6DA84E9A71 /* HomeViewController.m in Sources */ = {isa = PBXBuildFile; fileRef = 00E7129A955E436581870E2C /* HomeViewController.m */; };
		8F258D8BB3BD4AE7ACF3551A /* CategoryViewController.m in Sources */ = {isa = PBXBuildFile; fileRef = 32622CDE5FBB40E8B44474A4 /* CategoryViewController.m */; };
		A697C6E4952640CEAE3D2EDD /* SearchViewController.m in Sources */ = {isa = PBXBuildFile; fileRef = EFC09C4A9D0B492BB64867BA /* SearchViewController.m */; };
		2B5BFF2E6F0A4E83B0733497 /* SignViewController.m in Sources */ = {isa = PBXBuildFile; fileRef = B04391021EC143BC86C8B91F /* SignViewController.m */; };
		93404953CEA845468C460000 /* AppDetailViewController.m in Sources */ = {isa = PBXBuildFile; fileRef = 1F834F0B76B64B098748AF1E /* AppDetailViewController.m */; };
		071A067FEA9C4263B06C5FDD /* AppCollectionViewCell.m in Sources */ = {isa = PBXBuildFile; fileRef = 6F3002503F8342B198CE3B52 /* AppCollectionViewCell.m */; };
		6798AD56DD1143D6B3935784 /* AppModel.m in Sources */ = {isa = PBXBuildFile; fileRef = F59236C08D884BF5BF706384 /* AppModel.m */; };
		469026F9907343689DEBFE70 /* APIManager.m in Sources */ = {isa = PBXBuildFile; fileRef = 6D5EFAB23DBE481FAAD7FBA8 /* APIManager.m */; };
		23ED13B2DE70460DBDC15927 /* IPADownloadManager.m in Sources */ = {isa = PBXBuildFile; fileRef = 7657AA66575F4BA7BCB42422 /* IPADownloadManager.m */; };
		407F2625D49E48DDB0B6A4ED /* CertificateManager.m in Sources */ = {isa = PBXBuildFile; fileRef = 459BFF1D9F434C5AAA0DA3FC /* CertificateManager.m */; };
		80DF69B274104CE0A61B3127 /* SignerBridge.m in Sources */ = {isa = PBXBuildFile; fileRef = 3C98A205DF8B49AC81DFDE74 /* SignerBridge.m */; };
		80C6C740A79E4F70BE6832C8 /* ipa_signer.c in Sources */ = {isa = PBXBuildFile; fileRef = 2CC0FB2F0AE946059612142A /* ipa_signer.c */; };
		D5544981111B4EB6BA4FD486 /* ioapi.c in Sources */ = {isa = PBXBuildFile; fileRef = 05F0FA0AAEF94BA4A874F361 /* ioapi.c */; };
		6B95C128A01746408CDE1D90 /* zip.c in Sources */ = {isa = PBXBuildFile; fileRef = A59C39E56C4349DD88E69629 /* zip.c */; };
		CF7FBEC602EB45AEBE135705 /* unzip.c in Sources */ = {isa = PBXBuildFile; fileRef = 6232BADC45D0484D874FA9D9 /* unzip.c */; };
		0C08819233174FCCBF7CDE84 /* UIKit.framework in Frameworks */ = {isa = PBXBuildFile; fileRef = A7FC9FB1DF1D45F194878959 /* UIKit.framework */; };
		58E25097FE7A478E80A94513 /* Foundation.framework in Frameworks */ = {isa = PBXBuildFile; fileRef = 64B65BEA6D254E70BA61B39E /* Foundation.framework */; };
		BD878A1852854614B9AE4DD5 /* CoreGraphics.framework in Frameworks */ = {isa = PBXBuildFile; fileRef = 530E23C69CD242E6B7EAF002 /* CoreGraphics.framework */; };
		1FD36EBCFAC34F89B66DC588 /* Security.framework in Frameworks */ = {isa = PBXBuildFile; fileRef = 98C1B1F7FF7A4590BA15B453 /* Security.framework */; };
		C5B5732CA538486B9F2A6EDF /* SafariServices.framework in Frameworks */ = {isa = PBXBuildFile; fileRef = 0252CBD052CE4F6DBDF879C1 /* SafariServices.framework */; };
		2AF55970B9DE48698A7F5D91 /* MobileCoreServices.framework in Frameworks */ = {isa = PBXBuildFile; fileRef = AF92576639B14614A05EE084 /* MobileCoreServices.framework */; };
		05032FDFBE3D4B2A8707FD6A /* libz.tbd in Frameworks */ = {isa = PBXBuildFile; fileRef = E017FFF554654E08851BE33F /* libz.tbd */; };
		B71D4A4B9A2340B6B6399FCE /* Assets.xcassets in Resources */ = {isa = PBXBuildFile; fileRef = 8B8F1DD98B794BDF856FCDB5 /* Assets.xcassets */; };
/* End PBXBuildFile section */

/* Begin PBXFileReference section */
		A7035285ABCA4829A6740CE1 /* main.m */ = {isa = PBXFileReference; lastKnownFileType = sourcecode.c.objc; path = "YueStore/main.m"; sourceTree = "<group>"; };
		86E07465373540F9803BFFB8 /* AppDelegate.m */ = {isa = PBXFileReference; lastKnownFileType = sourcecode.c.objc; path = "YueStore/AppDelegate.m"; sourceTree = "<group>"; };
		3DF441C259AC4829A190761A /* SceneDelegate.m */ = {isa = PBXFileReference; lastKnownFileType = sourcecode.c.objc; path = "YueStore/SceneDelegate.m"; sourceTree = "<group>"; };
		6612E37F0F464A688A20ED12 /* StarFieldView.m */ = {isa = PBXFileReference; lastKnownFileType = sourcecode.c.objc; path = "YueStore/StarFieldView.m"; sourceTree = "<group>"; };
		DEB66E0F20D44105850D3F1B /* LiquidGlassTabBarController.m */ = {isa = PBXFileReference; lastKnownFileType = sourcecode.c.objc; path = "YueStore/LiquidGlassTabBarController.m"; sourceTree = "<group>"; };
		00E7129A955E436581870E2C /* HomeViewController.m */ = {isa = PBXFileReference; lastKnownFileType = sourcecode.c.objc; path = "YueStore/HomeViewController.m"; sourceTree = "<group>"; };
		32622CDE5FBB40E8B44474A4 /* CategoryViewController.m */ = {isa = PBXFileReference; lastKnownFileType = sourcecode.c.objc; path = "YueStore/CategoryViewController.m"; sourceTree = "<group>"; };
		EFC09C4A9D0B492BB64867BA /* SearchViewController.m */ = {isa = PBXFileReference; lastKnownFileType = sourcecode.c.objc; path = "YueStore/SearchViewController.m"; sourceTree = "<group>"; };
		B04391021EC143BC86C8B91F /* SignViewController.m */ = {isa = PBXFileReference; lastKnownFileType = sourcecode.c.objc; path = "YueStore/SignViewController.m"; sourceTree = "<group>"; };
		1F834F0B76B64B098748AF1E /* AppDetailViewController.m */ = {isa = PBXFileReference; lastKnownFileType = sourcecode.c.objc; path = "YueStore/AppDetailViewController.m"; sourceTree = "<group>"; };
		6F3002503F8342B198CE3B52 /* AppCollectionViewCell.m */ = {isa = PBXFileReference; lastKnownFileType = sourcecode.c.objc; path = "YueStore/AppCollectionViewCell.m"; sourceTree = "<group>"; };
		F59236C08D884BF5BF706384 /* AppModel.m */ = {isa = PBXFileReference; lastKnownFileType = sourcecode.c.objc; path = "YueStore/AppModel.m"; sourceTree = "<group>"; };
		6D5EFAB23DBE481FAAD7FBA8 /* APIManager.m */ = {isa = PBXFileReference; lastKnownFileType = sourcecode.c.objc; path = "YueStore/APIManager.m"; sourceTree = "<group>"; };
		7657AA66575F4BA7BCB42422 /* IPADownloadManager.m */ = {isa = PBXFileReference; lastKnownFileType = sourcecode.c.objc; path = "YueStore/IPADownloadManager.m"; sourceTree = "<group>"; };
		459BFF1D9F434C5AAA0DA3FC /* CertificateManager.m */ = {isa = PBXFileReference; lastKnownFileType = sourcecode.c.objc; path = "YueStore/CertificateManager.m"; sourceTree = "<group>"; };
		3C98A205DF8B49AC81DFDE74 /* SignerBridge.m */ = {isa = PBXFileReference; lastKnownFileType = sourcecode.c.objc; path = "Signer/SignerBridge.m"; sourceTree = "<group>"; };
		2CC0FB2F0AE946059612142A /* ipa_signer.c */ = {isa = PBXFileReference; lastKnownFileType = sourcecode.c.c; path = "Signer/ipa_signer.c"; sourceTree = "<group>"; };
		05F0FA0AAEF94BA4A874F361 /* ioapi.c */ = {isa = PBXFileReference; lastKnownFileType = sourcecode.c.c; path = "Signer/minizip/ioapi.c"; sourceTree = "<group>"; };
		A59C39E56C4349DD88E69629 /* zip.c */ = {isa = PBXFileReference; lastKnownFileType = sourcecode.c.c; path = "Signer/minizip/zip.c"; sourceTree = "<group>"; };
		6232BADC45D0484D874FA9D9 /* unzip.c */ = {isa = PBXFileReference; lastKnownFileType = sourcecode.c.c; path = "Signer/minizip/unzip.c"; sourceTree = "<group>"; };
		F1D55A18DBDD4AC0A3233600 /* AppDelegate.h */ = {isa = PBXFileReference; lastKnownFileType = sourcecode.c.h; path = "YueStore/AppDelegate.h"; sourceTree = "<group>"; };
		55C8821C34E5496EB8CE393A /* SceneDelegate.h */ = {isa = PBXFileReference; lastKnownFileType = sourcecode.c.h; path = "YueStore/SceneDelegate.h"; sourceTree = "<group>"; };
		07E27FE806A742A8BE1CD31C /* StarFieldView.h */ = {isa = PBXFileReference; lastKnownFileType = sourcecode.c.h; path = "YueStore/StarFieldView.h"; sourceTree = "<group>"; };
		C266EACAE3C1499D96FB3105 /* LiquidGlassTabBarController.h */ = {isa = PBXFileReference; lastKnownFileType = sourcecode.c.h; path = "YueStore/LiquidGlassTabBarController.h"; sourceTree = "<group>"; };
		C4241855EB8F4F1FBD3DC073 /* HomeViewController.h */ = {isa = PBXFileReference; lastKnownFileType = sourcecode.c.h; path = "YueStore/HomeViewController.h"; sourceTree = "<group>"; };
		02949A7785664AEE8F20E8FC /* CategoryViewController.h */ = {isa = PBXFileReference; lastKnownFileType = sourcecode.c.h; path = "YueStore/CategoryViewController.h"; sourceTree = "<group>"; };
		345DB5AC1DFB4B2A882E53DB /* SearchViewController.h */ = {isa = PBXFileReference; lastKnownFileType = sourcecode.c.h; path = "YueStore/SearchViewController.h"; sourceTree = "<group>"; };
		1552408DA8D948EF8A334ECE /* SignViewController.h */ = {isa = PBXFileReference; lastKnownFileType = sourcecode.c.h; path = "YueStore/SignViewController.h"; sourceTree = "<group>"; };
		6886ACAFA6AB4A4BA81843C9 /* AppDetailViewController.h */ = {isa = PBXFileReference; lastKnownFileType = sourcecode.c.h; path = "YueStore/AppDetailViewController.h"; sourceTree = "<group>"; };
		8D7D8A9633784F1696D12C77 /* AppCollectionViewCell.h */ = {isa = PBXFileReference; lastKnownFileType = sourcecode.c.h; path = "YueStore/AppCollectionViewCell.h"; sourceTree = "<group>"; };
		C8AB82D12EE24D44AE610179 /* AppModel.h */ = {isa = PBXFileReference; lastKnownFileType = sourcecode.c.h; path = "YueStore/AppModel.h"; sourceTree = "<group>"; };
		8BFCAFDCB07244DA9A28719D /* APIManager.h */ = {isa = PBXFileReference; lastKnownFileType = sourcecode.c.h; path = "YueStore/APIManager.h"; sourceTree = "<group>"; };
		FEC6CA3FE2994E30B60AB725 /* IPADownloadManager.h */ = {isa = PBXFileReference; lastKnownFileType = sourcecode.c.h; path = "YueStore/IPADownloadManager.h"; sourceTree = "<group>"; };
		48C291CA358A49489BE65818 /* CertificateManager.h */ = {isa = PBXFileReference; lastKnownFileType = sourcecode.c.h; path = "YueStore/CertificateManager.h"; sourceTree = "<group>"; };
		C04816C386924191BDE8F458 /* SignerBridge.h */ = {isa = PBXFileReference; lastKnownFileType = sourcecode.c.h; path = "Signer/SignerBridge.h"; sourceTree = "<group>"; };
		3392178B897545998E7C40BA /* ipa_signer.h */ = {isa = PBXFileReference; lastKnownFileType = sourcecode.c.h; path = "Signer/ipa_signer.h"; sourceTree = "<group>"; };
		1A1CDE31CB2A4E41935367F1 /* ioapi.h */ = {isa = PBXFileReference; lastKnownFileType = sourcecode.c.h; path = "Signer/minizip/ioapi.h"; sourceTree = "<group>"; };
		5EEBE53502EB44AEA2D85621 /* zip.h */ = {isa = PBXFileReference; lastKnownFileType = sourcecode.c.h; path = "Signer/minizip/zip.h"; sourceTree = "<group>"; };
		2937433DD9294A419A5B9C5F /* unzip.h */ = {isa = PBXFileReference; lastKnownFileType = sourcecode.c.h; path = "Signer/minizip/unzip.h"; sourceTree = "<group>"; };
		8B8F1DD98B794BDF856FCDB5 /* Assets.xcassets */ = {isa = PBXFileReference; lastKnownFileType = folder.assetcatalog; path = "YueStore/Assets.xcassets"; sourceTree = "<group>"; };
		A5DB63A815D7487D94278B05 /* Info.plist */ = {isa = PBXFileReference; lastKnownFileType = text.plist.xml; path = "YueStore/Info.plist"; sourceTree = "<group>"; };
		A7FC9FB1DF1D45F194878959 /* UIKit.framework */ = {isa = PBXFileReference; lastKnownFileType = wrapper.framework; name = UIKit.framework; path = System/Library/Frameworks/UIKit.framework; sourceTree = SDKROOT; };
		64B65BEA6D254E70BA61B39E /* Foundation.framework */ = {isa = PBXFileReference; lastKnownFileType = wrapper.framework; name = Foundation.framework; path = System/Library/Frameworks/Foundation.framework; sourceTree = SDKROOT; };
		530E23C69CD242E6B7EAF002 /* CoreGraphics.framework */ = {isa = PBXFileReference; lastKnownFileType = wrapper.framework; name = CoreGraphics.framework; path = System/Library/Frameworks/CoreGraphics.framework; sourceTree = SDKROOT; };
		98C1B1F7FF7A4590BA15B453 /* Security.framework */ = {isa = PBXFileReference; lastKnownFileType = wrapper.framework; name = Security.framework; path = System/Library/Frameworks/Security.framework; sourceTree = SDKROOT; };
		0252CBD052CE4F6DBDF879C1 /* SafariServices.framework */ = {isa = PBXFileReference; lastKnownFileType = wrapper.framework; name = SafariServices.framework; path = System/Library/Frameworks/SafariServices.framework; sourceTree = SDKROOT; };
		AF92576639B14614A05EE084 /* MobileCoreServices.framework */ = {isa = PBXFileReference; lastKnownFileType = wrapper.framework; name = MobileCoreServices.framework; path = System/Library/Frameworks/MobileCoreServices.framework; sourceTree = SDKROOT; };
		E017FFF554654E08851BE33F /* libz.tbd */ = {isa = PBXFileReference; lastKnownFileType = sourcecode.text-based-dylib-definition; name = libz.tbd; path = usr/lib/libz.tbd; sourceTree = SDKROOT; };
		7E8F90A1B2C3D4E5F60718293A4B5C6D /* YueStore.app */ = {isa = PBXFileReference; explicitFileType = wrapper.application; includeInIndex = 0; path = YueStore.app; sourceTree = BUILT_PRODUCTS_DIR; };
/* End PBXFileReference section */

/* Begin PBXFrameworksBuildPhase section */
		5C6D7E8F90A1B2C3D4E5F60718293A4B /* Frameworks */ = {
			isa = PBXFrameworksBuildPhase;
			buildActionMask = 2147483647;
			files = (
				0C08819233174FCCBF7CDE84 /* UIKit.framework in Frameworks */,
				58E25097FE7A478E80A94513 /* Foundation.framework in Frameworks */,
				BD878A1852854614B9AE4DD5 /* CoreGraphics.framework in Frameworks */,
				1FD36EBCFAC34F89B66DC588 /* Security.framework in Frameworks */,
				C5B5732CA538486B9F2A6EDF /* SafariServices.framework in Frameworks */,
				2AF55970B9DE48698A7F5D91 /* MobileCoreServices.framework in Frameworks */,
				05032FDFBE3D4B2A8707FD6A /* libz.tbd in Frameworks */,
			);
			runOnlyForDeploymentPostprocessing = 0;
		};
/* End PBXFrameworksBuildPhase section */

/* Begin PBXGroup section */
		293A4B5C6D7E8F90A1B2C3D4E5F60718 = {
			isa = PBXGroup;
			children = (
				7C348E9970A34D82808EEBC0 /* YueStore */,
				E3C8FD0693B84E748A798BFF /* Signer */,
				3A4B5C6D7E8F90A1B2C3D4E5F6071829 /* Products */,
			);
			sourceTree = "<group>";
		};
		7C348E9970A34D82808EEBC0 /* YueStore */ = {
			isa = PBXGroup;
			children = (
				A7035285ABCA4829A6740CE1 /* main.m */,
				86E07465373540F9803BFFB8 /* AppDelegate.m */,
				3DF441C259AC4829A190761A /* SceneDelegate.m */,
				6612E37F0F464A688A20ED12 /* StarFieldView.m */,
				DEB66E0F20D44105850D3F1B /* LiquidGlassTabBarController.m */,
				00E7129A955E436581870E2C /* HomeViewController.m */,
				32622CDE5FBB40E8B44474A4 /* CategoryViewController.m */,
				EFC09C4A9D0B492BB64867BA /* SearchViewController.m */,
				B04391021EC143BC86C8B91F /* SignViewController.m */,
				1F834F0B76B64B098748AF1E /* AppDetailViewController.m */,
				6F3002503F8342B198CE3B52 /* AppCollectionViewCell.m */,
				F59236C08D884BF5BF706384 /* AppModel.m */,
				6D5EFAB23DBE481FAAD7FBA8 /* APIManager.m */,
				7657AA66575F4BA7BCB42422 /* IPADownloadManager.m */,
				459BFF1D9F434C5AAA0DA3FC /* CertificateManager.m */,
				F1D55A18DBDD4AC0A3233600 /* AppDelegate.h */,
				55C8821C34E5496EB8CE393A /* SceneDelegate.h */,
				07E27FE806A742A8BE1CD31C /* StarFieldView.h */,
				C266EACAE3C1499D96FB3105 /* LiquidGlassTabBarController.h */,
				C4241855EB8F4F1FBD3DC073 /* HomeViewController.h */,
				02949A7785664AEE8F20E8FC /* CategoryViewController.h */,
				345DB5AC1DFB4B2A882E53DB /* SearchViewController.h */,
				1552408DA8D948EF8A334ECE /* SignViewController.h */,
				6886ACAFA6AB4A4BA81843C9 /* AppDetailViewController.h */,
				8D7D8A9633784F1696D12C77 /* AppCollectionViewCell.h */,
				C8AB82D12EE24D44AE610179 /* AppModel.h */,
				8BFCAFDCB07244DA9A28719D /* APIManager.h */,
				FEC6CA3FE2994E30B60AB725 /* IPADownloadManager.h */,
				48C291CA358A49489BE65818 /* CertificateManager.h */,
				8B8F1DD98B794BDF856FCDB5 /* Assets.xcassets */,
				A5DB63A815D7487D94278B05 /* Info.plist */,
			);
			path = YueStore;
			sourceTree = "<group>";
		};
		E3C8FD0693B84E748A798BFF /* Signer */ = {
			isa = PBXGroup;
			children = (
				3C98A205DF8B49AC81DFDE74 /* SignerBridge.m */,
				2CC0FB2F0AE946059612142A /* ipa_signer.c */,
				C04816C386924191BDE8F458 /* SignerBridge.h */,
				3392178B897545998E7C40BA /* ipa_signer.h */,
				B09E49016AF64207B1B76F52 /* minizip */,
			);
			path = Signer;
			sourceTree = "<group>";
		};
		B09E49016AF64207B1B76F52 /* minizip */ = {
			isa = PBXGroup;
			children = (
				05F0FA0AAEF94BA4A874F361 /* ioapi.c */,
				A59C39E56C4349DD88E69629 /* zip.c */,
				6232BADC45D0484D874FA9D9 /* unzip.c */,
				1A1CDE31CB2A4E41935367F1 /* ioapi.h */,
				5EEBE53502EB44AEA2D85621 /* zip.h */,
				2937433DD9294A419A5B9C5F /* unzip.h */,
			);
			path = minizip;
			sourceTree = "<group>";
		};
		3A4B5C6D7E8F90A1B2C3D4E5F6071829 /* Products */ = {
			isa = PBXGroup;
			children = (
				7E8F90A1B2C3D4E5F60718293A4B5C6D /* YueStore.app */,
			);
			name = Products;
			sourceTree = "<group>";
		};
/* End PBXGroup section */

/* Begin PBXNativeTarget section */
		B2C3D4E5F60718293A4B5C6D7E8F90A1 /* YueStore */ = {
			isa = PBXNativeTarget;
			buildConfigurationList = D4E5F60718293A4B5C6D7E8F90A1B2C3 /* Build configuration list for PBXNativeTarget "YueStore" */;
			buildPhases = (
				4B5C6D7E8F90A1B2C3D4E5F60718293A /* Sources */,
				5C6D7E8F90A1B2C3D4E5F60718293A4B /* Frameworks */,
				6D7E8F90A1B2C3D4E5F60718293A4B5C /* Resources */,
			);
			buildRules = (
			);
			dependencies = (
			);
			name = YueStore;
			productName = YueStore;
			productReference = 7E8F90A1B2C3D4E5F60718293A4B5C6D /* YueStore.app */;
			productType = "com.apple.product-type.application";
		};
/* End PBXNativeTarget section */

/* Begin PBXProject section */
		A1B2C3D4E5F60718293A4B5C6D7E8F90 /* Project object */ = {
			isa = PBXProject;
			attributes = {
				BuildIndependentTargetsInParallel = 1;
				LastUpgradeCheck = 1640;
				TargetAttributes = {
					B2C3D4E5F60718293A4B5C6D7E8F90A1 = {
						CreatedOnToolsVersion = 16.4;
					};
				};
			};
			buildConfigurationList = C3D4E5F60718293A4B5C6D7E8F90A1B2 /* Build configuration list for PBXProject "YueStore" */;
			compatibilityVersion = "Xcode 14.0";
			developmentRegion = en;
			hasScannedForEncodings = 0;
			knownRegions = (
				en,
				Base,
			);
			mainGroup = 293A4B5C6D7E8F90A1B2C3D4E5F60718;
			productRefGroup = 3A4B5C6D7E8F90A1B2C3D4E5F6071829 /* Products */;
			projectDirPath = "";
			projectRoot = "";
			targets = (
				B2C3D4E5F60718293A4B5C6D7E8F90A1 /* YueStore */,
			);
		};
/* End PBXProject section */

/* Begin PBXResourcesBuildPhase section */
		6D7E8F90A1B2C3D4E5F60718293A4B5C /* Resources */ = {
			isa = PBXResourcesBuildPhase;
			buildActionMask = 2147483647;
			files = (
				B71D4A4B9A2340B6B6399FCE /* Assets.xcassets in Resources */,
			);
			runOnlyForDeploymentPostprocessing = 0;
		};
/* End PBXResourcesBuildPhase section */

/* Begin PBXSourcesBuildPhase section */
		4B5C6D7E8F90A1B2C3D4E5F60718293A /* Sources */ = {
			isa = PBXSourcesBuildPhase;
			buildActionMask = 2147483647;
			files = (
				BD6EF66873E04C799C429924 /* main.m in Sources */,
				6301E8F938314998AEA7950C /* AppDelegate.m in Sources */,
				D3EF8176B2D34978A011DBD0 /* SceneDelegate.m in Sources */,
				E98762C76B7E44B78AE7B6F5 /* StarFieldView.m in Sources */,
				52CFD88667F14C618AC9E791 /* LiquidGlassTabBarController.m in Sources */,
				34E9DA842B574D6DA84E9A71 /* HomeViewController.m in Sources */,
				8F258D8BB3BD4AE7ACF3551A /* CategoryViewController.m in Sources */,
				A697C6E4952640CEAE3D2EDD /* SearchViewController.m in Sources */,
				2B5BFF2E6F0A4E83B0733497 /* SignViewController.m in Sources */,
				93404953CEA845468C460000 /* AppDetailViewController.m in Sources */,
				071A067FEA9C4263B06C5FDD /* AppCollectionViewCell.m in Sources */,
				6798AD56DD1143D6B3935784 /* AppModel.m in Sources */,
				469026F9907343689DEBFE70 /* APIManager.m in Sources */,
				23ED13B2DE70460DBDC15927 /* IPADownloadManager.m in Sources */,
				407F2625D49E48DDB0B6A4ED /* CertificateManager.m in Sources */,
				80DF69B274104CE0A61B3127 /* SignerBridge.m in Sources */,
				80C6C740A79E4F70BE6832C8 /* ipa_signer.c in Sources */,
				D5544981111B4EB6BA4FD486 /* ioapi.c in Sources */,
				6B95C128A01746408CDE1D90 /* zip.c in Sources */,
				CF7FBEC602EB45AEBE135705 /* unzip.c in Sources */,
			);
			runOnlyForDeploymentPostprocessing = 0;
		};
/* End PBXSourcesBuildPhase section */

/* Begin XCBuildConfiguration section */
		E5F60718293A4B5C6D7E8F90A1B2C3D4 /* Debug */ = {
			isa = XCBuildConfiguration;
			buildSettings = {
				ALWAYS_SEARCH_USER_PATHS = NO;
				CLANG_ENABLE_MODULES = YES;
				CLANG_ENABLE_OBJC_ARC = YES;
				CLANG_ENABLE_OBJC_WEAK = YES;
				COPY_PHASE_STRIP = NO;
				DEBUG_INFORMATION_FORMAT = dwarf;
				GCC_C_LANGUAGE_STANDARD = gnu17;
				GCC_DYNAMIC_NO_PIC = NO;
				GCC_NO_COMMON_BLOCKS = YES;
				GCC_OPTIMIZATION_LEVEL = 0;
				GCC_PREPROCESSOR_DEFINITIONS = (
					"DEBUG=1",
					"$(inherited)",
				);
				IPHONEOS_DEPLOYMENT_TARGET = 18.0;
				ONLY_ACTIVE_ARCH = YES;
				SDKROOT = iphoneos;
			};
			name = Debug;
		};
		F60718293A4B5C6D7E8F90A1B2C3D4E5 /* Release */ = {
			isa = XCBuildConfiguration;
			buildSettings = {
				ALWAYS_SEARCH_USER_PATHS = NO;
				CLANG_ENABLE_MODULES = YES;
				CLANG_ENABLE_OBJC_ARC = YES;
				CLANG_ENABLE_OBJC_WEAK = YES;
				COPY_PHASE_STRIP = NO;
				DEBUG_INFORMATION_FORMAT = "dwarf-with-dsym";
				ENABLE_NS_ASSERTIONS = NO;
				GCC_C_LANGUAGE_STANDARD = gnu17;
				GCC_NO_COMMON_BLOCKS = YES;
				IPHONEOS_DEPLOYMENT_TARGET = 18.0;
				SDKROOT = iphoneos;
				VALIDATE_PRODUCT = YES;
			};
			name = Release;
		};
		0718293A4B5C6D7E8F90A1B2C3D4E5F6 /* Debug */ = {
			isa = XCBuildConfiguration;
			buildSettings = {
				ASSETCATALOG_COMPILER_APPICON_NAME = AppIcon;
				ASSETCATALOG_COMPILER_GLOBAL_ACCENT_COLOR_NAME = AccentColor;
				CODE_SIGN_STYLE = Automatic;
				CURRENT_PROJECT_VERSION = 1;
				GENERATE_INFOPLIST_FILE = NO;
				HEADER_SEARCH_PATHS = (
					"$(inherited)",
					"$(SRCROOT)/Signer",
					"$(SRCROOT)/Signer/minizip",
				);
				INFOPLIST_FILE = YueStore/Info.plist;
				LD_RUNPATH_SEARCH_PATHS = (
					"$(inherited)",
					"@executable_path/Frameworks",
				);
				MARKETING_VERSION = 1.0;
				OTHER_LDFLAGS = (
					"$(inherited)",
					"-lz",
				);
				PRODUCT_BUNDLE_IDENTIFIER = com.yuestore.app;
				PRODUCT_NAME = "$(TARGET_NAME)";
				TARGETED_DEVICE_FAMILY = "1,2";
			};
			name = Debug;
		};
		18293A4B5C6D7E8F90A1B2C3D4E5F607 /* Release */ = {
			isa = XCBuildConfiguration;
			buildSettings = {
				ASSETCATALOG_COMPILER_APPICON_NAME = AppIcon;
				ASSETCATALOG_COMPILER_GLOBAL_ACCENT_COLOR_NAME = AccentColor;
				CODE_SIGN_STYLE = Automatic;
				CURRENT_PROJECT_VERSION = 1;
				GENERATE_INFOPLIST_FILE = NO;
				HEADER_SEARCH_PATHS = (
					"$(inherited)",
					"$(SRCROOT)/Signer",
					"$(SRCROOT)/Signer/minizip",
				);
				INFOPLIST_FILE = YueStore/Info.plist;
				LD_RUNPATH_SEARCH_PATHS = (
					"$(inherited)",
					"@executable_path/Frameworks",
				);
				MARKETING_VERSION = 1.0;
				OTHER_LDFLAGS = (
					"$(inherited)",
					"-lz",
				);
				PRODUCT_BUNDLE_IDENTIFIER = com.yuestore.app;
				PRODUCT_NAME = "$(TARGET_NAME)";
				TARGETED_DEVICE_FAMILY = "1,2";
			};
			name = Release;
		};
/* End XCBuildConfiguration section */

/* Begin XCConfigurationList section */
		C3D4E5F60718293A4B5C6D7E8F90A1B2 /* Build configuration list for PBXProject "YueStore" */ = {
			isa = XCConfigurationList;
			buildConfigurations = (
				E5F60718293A4B5C6D7E8F90A1B2C3D4 /* Debug */,
				F60718293A4B5C6D7E8F90A1B2C3D4E5 /* Release */,
			);
			defaultConfigurationIsVisible = 0;
			defaultConfigurationName = Release;
		};
		D4E5F60718293A4B5C6D7E8F90A1B2C3 /* Build configuration list for PBXNativeTarget "YueStore" */ = {
			isa = XCConfigurationList;
			buildConfigurations = (
				0718293A4B5C6D7E8F90A1B2C3D4E5F6 /* Debug */,
				18293A4B5C6D7E8F90A1B2C3D4E5F607 /* Release */,
			);
			defaultConfigurationIsVisible = 0;
			defaultConfigurationName = Release;
		};
/* End XCConfigurationList section */
	};
	rootObject = A1B2C3D4E5F60718293A4B5C6D7E8F90 /* Project object */;
}
