// !$*UTF8*$!
{
	archiveVersion = 1;
	classes = {
	};
	objectVersion = 56;
	objects = {

/* Begin PBXBuildFile section */
		A46809DF46B9480885A62F32 /* main.m in Sources */ = {isa = PBXBuildFile; fileRef = C2CC12BC232945EDB39E463E /* main.m */; };
		82A915A9B02C4F1C8EBD0C80 /* AppDelegate.m in Sources */ = {isa = PBXBuildFile; fileRef = 58BD29FEDB3A4658A0482930 /* AppDelegate.m */; };
		C903B02ACBE04381B24E1F49 /* SceneDelegate.m in Sources */ = {isa = PBXBuildFile; fileRef = 01597266E90A4A5DA3A95772 /* SceneDelegate.m */; };
		CECD46797ACB41EB9A680526 /* StarFieldView.m in Sources */ = {isa = PBXBuildFile; fileRef = 4BF7092F6D714BB78A4F2FA6 /* StarFieldView.m */; };
		EF3FC5E70FF04932BDCB97FA /* LiquidGlassTabBarController.m in Sources */ = {isa = PBXBuildFile; fileRef = F7829EAD20304B0DB2837E57 /* LiquidGlassTabBarController.m */; };
		BCF1C85C4BC04E2981F01860 /* HomeViewController.m in Sources */ = {isa = PBXBuildFile; fileRef = 88CB85A67A7E49CD9B89D6E8 /* HomeViewController.m */; };
		E578B05C549946F7ADAF48A2 /* CategoryViewController.m in Sources */ = {isa = PBXBuildFile; fileRef = F23C0EA736E845AA85493791 /* CategoryViewController.m */; };
		A9B07EFA13E147319829F008 /* SearchViewController.m in Sources */ = {isa = PBXBuildFile; fileRef = 6DC8D7A7463D4E6F8D476E4E /* SearchViewController.m */; };
		71345E39F9A74313813A6637 /* SignViewController.m in Sources */ = {isa = PBXBuildFile; fileRef = 4151D6C9B46747DB8D4A6915 /* SignViewController.m */; };
		6D0A480BDA9D47F9BBAC61D1 /* AppDetailViewController.m in Sources */ = {isa = PBXBuildFile; fileRef = 791C42E533BC42D78E2B06C2 /* AppDetailViewController.m */; };
		0DBF006DAF6040CAB4760D2E /* AppCollectionViewCell.m in Sources */ = {isa = PBXBuildFile; fileRef = 236980200262471CA2465A43 /* AppCollectionViewCell.m */; };
		D11F1DA6CC2640A898717CA3 /* AppModel.m in Sources */ = {isa = PBXBuildFile; fileRef = 2138C189E8594703AD3115A0 /* AppModel.m */; };
		0D67F0E3463C43158C92A326 /* APIManager.m in Sources */ = {isa = PBXBuildFile; fileRef = E693228CB61C4C308F272843 /* APIManager.m */; };
		87B00FF23E9C473AAC2E7BD6 /* IPADownloadManager.m in Sources */ = {isa = PBXBuildFile; fileRef = 2B0E4358D10544BEB7A1F04B /* IPADownloadManager.m */; };
		2C69E66AE1CF4E87826B610E /* CertificateManager.m in Sources */ = {isa = PBXBuildFile; fileRef = 8DDD007DE70A4B2D84178985 /* CertificateManager.m */; };
		A06788841E514186B0CAB982 /* SignerBridge.m in Sources */ = {isa = PBXBuildFile; fileRef = 2984ED11FC60474E97733D2D /* SignerBridge.m */; };
		874F974958884F6DBBF2A83B /* ipa_signer.c in Sources */ = {isa = PBXBuildFile; fileRef = 3B767541A4924843B51FDB66 /* ipa_signer.c */; };
		1832C572DD434427A2227681 /* ioapi.c in Sources */ = {isa = PBXBuildFile; fileRef = 13FA8487F0D4492D91E500D3 /* ioapi.c */; };
		3C5F1397E650449CAA37FD31 /* zip.c in Sources */ = {isa = PBXBuildFile; fileRef = 93551F6077074DC8ADBFDCC5 /* zip.c */; };
		19F58E5E57114ACC8C39BA02 /* unzip.c in Sources */ = {isa = PBXBuildFile; fileRef = 01C2D80E89D44B1AB827032E /* unzip.c */; };
		AFEAF8368BD4492799DD2E7A /* UIKit.framework in Frameworks */ = {isa = PBXBuildFile; fileRef = 105B7B9B8C094DC9AE2836BE /* UIKit.framework */; };
		C0F53C8E5E83497CA63EAFD4 /* Foundation.framework in Frameworks */ = {isa = PBXBuildFile; fileRef = E0CA73394E1A4F7DB0019195 /* Foundation.framework */; };
		C748EF9ACC974E3C8E56DF4F /* CoreGraphics.framework in Frameworks */ = {isa = PBXBuildFile; fileRef = 23951C0BDCFA40AAAB8DE67E /* CoreGraphics.framework */; };
		41007F104FA843C5B96887A7 /* Security.framework in Frameworks */ = {isa = PBXBuildFile; fileRef = 80732159A3834E378EDF9D4C /* Security.framework */; };
		4F20CE0335F34B70B05500FA /* SafariServices.framework in Frameworks */ = {isa = PBXBuildFile; fileRef = F2A0D0313C39477299F0264E /* SafariServices.framework */; };
		7519768FC92B4153AA1CC58D /* MobileCoreServices.framework in Frameworks */ = {isa = PBXBuildFile; fileRef = 2D338F9E4B4147EF86319F26 /* MobileCoreServices.framework */; };
		50FE4ED4E75C4623B03CF25C /* libz.tbd in Frameworks */ = {isa = PBXBuildFile; fileRef = 78B87BFBAA874695AFE9350E /* libz.tbd */; };
		18360C7AC90549909DDED520 /* Assets.xcassets in Resources */ = {isa = PBXBuildFile; fileRef = 7EAEB671DFE8465AB17D0341 /* Assets.xcassets */; };
/* End PBXBuildFile section */

/* Begin PBXFileReference section */
		C2CC12BC232945EDB39E463E /* main.m */ = {isa = PBXFileReference; lastKnownFileType = sourcecode.c.objc; path = main.m; sourceTree = "<group>"; };
		58BD29FEDB3A4658A0482930 /* AppDelegate.m */ = {isa = PBXFileReference; lastKnownFileType = sourcecode.c.objc; path = AppDelegate.m; sourceTree = "<group>"; };
		01597266E90A4A5DA3A95772 /* SceneDelegate.m */ = {isa = PBXFileReference; lastKnownFileType = sourcecode.c.objc; path = SceneDelegate.m; sourceTree = "<group>"; };
		4BF7092F6D714BB78A4F2FA6 /* StarFieldView.m */ = {isa = PBXFileReference; lastKnownFileType = sourcecode.c.objc; path = StarFieldView.m; sourceTree = "<group>"; };
		F7829EAD20304B0DB2837E57 /* LiquidGlassTabBarController.m */ = {isa = PBXFileReference; lastKnownFileType = sourcecode.c.objc; path = LiquidGlassTabBarController.m; sourceTree = "<group>"; };
		88CB85A67A7E49CD9B89D6E8 /* HomeViewController.m */ = {isa = PBXFileReference; lastKnownFileType = sourcecode.c.objc; path = HomeViewController.m; sourceTree = "<group>"; };
		F23C0EA736E845AA85493791 /* CategoryViewController.m */ = {isa = PBXFileReference; lastKnownFileType = sourcecode.c.objc; path = CategoryViewController.m; sourceTree = "<group>"; };
		6DC8D7A7463D4E6F8D476E4E /* SearchViewController.m */ = {isa = PBXFileReference; lastKnownFileType = sourcecode.c.objc; path = SearchViewController.m; sourceTree = "<group>"; };
		4151D6C9B46747DB8D4A6915 /* SignViewController.m */ = {isa = PBXFileReference; lastKnownFileType = sourcecode.c.objc; path = SignViewController.m; sourceTree = "<group>"; };
		791C42E533BC42D78E2B06C2 /* AppDetailViewController.m */ = {isa = PBXFileReference; lastKnownFileType = sourcecode.c.objc; path = AppDetailViewController.m; sourceTree = "<group>"; };
		236980200262471CA2465A43 /* AppCollectionViewCell.m */ = {isa = PBXFileReference; lastKnownFileType = sourcecode.c.objc; path = AppCollectionViewCell.m; sourceTree = "<group>"; };
		2138C189E8594703AD3115A0 /* AppModel.m */ = {isa = PBXFileReference; lastKnownFileType = sourcecode.c.objc; path = AppModel.m; sourceTree = "<group>"; };
		E693228CB61C4C308F272843 /* APIManager.m */ = {isa = PBXFileReference; lastKnownFileType = sourcecode.c.objc; path = APIManager.m; sourceTree = "<group>"; };
		2B0E4358D10544BEB7A1F04B /* IPADownloadManager.m */ = {isa = PBXFileReference; lastKnownFileType = sourcecode.c.objc; path = IPADownloadManager.m; sourceTree = "<group>"; };
		8DDD007DE70A4B2D84178985 /* CertificateManager.m */ = {isa = PBXFileReference; lastKnownFileType = sourcecode.c.objc; path = CertificateManager.m; sourceTree = "<group>"; };
		2984ED11FC60474E97733D2D /* SignerBridge.m */ = {isa = PBXFileReference; lastKnownFileType = sourcecode.c.objc; path = SignerBridge.m; sourceTree = "<group>"; };
		3B767541A4924843B51FDB66 /* ipa_signer.c */ = {isa = PBXFileReference; lastKnownFileType = sourcecode.c.c; path = ipa_signer.c; sourceTree = "<group>"; };
		13FA8487F0D4492D91E500D3 /* ioapi.c */ = {isa = PBXFileReference; lastKnownFileType = sourcecode.c.c; path = ioapi.c; sourceTree = "<group>"; };
		93551F6077074DC8ADBFDCC5 /* zip.c */ = {isa = PBXFileReference; lastKnownFileType = sourcecode.c.c; path = zip.c; sourceTree = "<group>"; };
		01C2D80E89D44B1AB827032E /* unzip.c */ = {isa = PBXFileReference; lastKnownFileType = sourcecode.c.c; path = unzip.c; sourceTree = "<group>"; };
		05677957F03C484C87D55AA6 /* AppDelegate.h */ = {isa = PBXFileReference; lastKnownFileType = sourcecode.c.h; path = AppDelegate.h; sourceTree = "<group>"; };
		0DE39DF0100640EFBFE90A36 /* SceneDelegate.h */ = {isa = PBXFileReference; lastKnownFileType = sourcecode.c.h; path = SceneDelegate.h; sourceTree = "<group>"; };
		2454A4104AEB4264AD628253 /* StarFieldView.h */ = {isa = PBXFileReference; lastKnownFileType = sourcecode.c.h; path = StarFieldView.h; sourceTree = "<group>"; };
		C813CC9102A44623A23C15D1 /* LiquidGlassTabBarController.h */ = {isa = PBXFileReference; lastKnownFileType = sourcecode.c.h; path = LiquidGlassTabBarController.h; sourceTree = "<group>"; };
		BE4541B26A4C45209BC39D67 /* HomeViewController.h */ = {isa = PBXFileReference; lastKnownFileType = sourcecode.c.h; path = HomeViewController.h; sourceTree = "<group>"; };
		20C58DE034914AFABF0F9366 /* CategoryViewController.h */ = {isa = PBXFileReference; lastKnownFileType = sourcecode.c.h; path = CategoryViewController.h; sourceTree = "<group>"; };
		8406513D321D47C188337736 /* SearchViewController.h */ = {isa = PBXFileReference; lastKnownFileType = sourcecode.c.h; path = SearchViewController.h; sourceTree = "<group>"; };
		9EC95337989C4AC6B27968EE /* SignViewController.h */ = {isa = PBXFileReference; lastKnownFileType = sourcecode.c.h; path = SignViewController.h; sourceTree = "<group>"; };
		6C8D39C1B10742D9AA7328C6 /* AppDetailViewController.h */ = {isa = PBXFileReference; lastKnownFileType = sourcecode.c.h; path = AppDetailViewController.h; sourceTree = "<group>"; };
		43B6D11412534C2BBD9B1601 /* AppCollectionViewCell.h */ = {isa = PBXFileReference; lastKnownFileType = sourcecode.c.h; path = AppCollectionViewCell.h; sourceTree = "<group>"; };
		747022720AC8410486103C14 /* AppModel.h */ = {isa = PBXFileReference; lastKnownFileType = sourcecode.c.h; path = AppModel.h; sourceTree = "<group>"; };
		76C3A80D5DDB40FFAF8C0E85 /* APIManager.h */ = {isa = PBXFileReference; lastKnownFileType = sourcecode.c.h; path = APIManager.h; sourceTree = "<group>"; };
		24359AF4667C43A987221CFE /* IPADownloadManager.h */ = {isa = PBXFileReference; lastKnownFileType = sourcecode.c.h; path = IPADownloadManager.h; sourceTree = "<group>"; };
		2B667792B31A4417A1E523FE /* CertificateManager.h */ = {isa = PBXFileReference; lastKnownFileType = sourcecode.c.h; path = CertificateManager.h; sourceTree = "<group>"; };
		F48DA865423541F08D87A3E8 /* SignerBridge.h */ = {isa = PBXFileReference; lastKnownFileType = sourcecode.c.h; path = SignerBridge.h; sourceTree = "<group>"; };
		6409DC0B2128477C8BC94EDD /* ipa_signer.h */ = {isa = PBXFileReference; lastKnownFileType = sourcecode.c.h; path = ipa_signer.h; sourceTree = "<group>"; };
		BB3BC9D2A01C464E8730BF6B /* ioapi.h */ = {isa = PBXFileReference; lastKnownFileType = sourcecode.c.h; path = ioapi.h; sourceTree = "<group>"; };
		5E07821DC3734B189C143E6F /* zip.h */ = {isa = PBXFileReference; lastKnownFileType = sourcecode.c.h; path = zip.h; sourceTree = "<group>"; };
		63E80FCA566644F2AF9378B7 /* unzip.h */ = {isa = PBXFileReference; lastKnownFileType = sourcecode.c.h; path = unzip.h; sourceTree = "<group>"; };
		7EAEB671DFE8465AB17D0341 /* Assets.xcassets */ = {isa = PBXFileReference; lastKnownFileType = folder.assetcatalog; path = Assets.xcassets; sourceTree = "<group>"; };
		F08C72CA24A74D159F76F975 /* Info.plist */ = {isa = PBXFileReference; lastKnownFileType = text.plist.xml; path = Info.plist; sourceTree = "<group>"; };
		105B7B9B8C094DC9AE2836BE /* UIKit.framework */ = {isa = PBXFileReference; lastKnownFileType = wrapper.framework; name = UIKit.framework; path = System/Library/Frameworks/UIKit.framework; sourceTree = SDKROOT; };
		E0CA73394E1A4F7DB0019195 /* Foundation.framework */ = {isa = PBXFileReference; lastKnownFileType = wrapper.framework; name = Foundation.framework; path = System/Library/Frameworks/Foundation.framework; sourceTree = SDKROOT; };
		23951C0BDCFA40AAAB8DE67E /* CoreGraphics.framework */ = {isa = PBXFileReference; lastKnownFileType = wrapper.framework; name = CoreGraphics.framework; path = System/Library/Frameworks/CoreGraphics.framework; sourceTree = SDKROOT; };
		80732159A3834E378EDF9D4C /* Security.framework */ = {isa = PBXFileReference; lastKnownFileType = wrapper.framework; name = Security.framework; path = System/Library/Frameworks/Security.framework; sourceTree = SDKROOT; };
		F2A0D0313C39477299F0264E /* SafariServices.framework */ = {isa = PBXFileReference; lastKnownFileType = wrapper.framework; name = SafariServices.framework; path = System/Library/Frameworks/SafariServices.framework; sourceTree = SDKROOT; };
		2D338F9E4B4147EF86319F26 /* MobileCoreServices.framework */ = {isa = PBXFileReference; lastKnownFileType = wrapper.framework; name = MobileCoreServices.framework; path = System/Library/Frameworks/MobileCoreServices.framework; sourceTree = SDKROOT; };
		78B87BFBAA874695AFE9350E /* libz.tbd */ = {isa = PBXFileReference; lastKnownFileType = sourcecode.text-based-dylib-definition; name = libz.tbd; path = usr/lib/libz.tbd; sourceTree = SDKROOT; };
		7E8F90A1B2C3D4E5F60718293A4B5C6D /* YueStore.app */ = {isa = PBXFileReference; explicitFileType = wrapper.application; includeInIndex = 0; path = YueStore.app; sourceTree = BUILT_PRODUCTS_DIR; };
/* End PBXFileReference section */

/* Begin PBXFrameworksBuildPhase section */
		5C6D7E8F90A1B2C3D4E5F60718293A4B /* Frameworks */ = {
			isa = PBXFrameworksBuildPhase;
			buildActionMask = 2147483647;
			files = (
				AFEAF8368BD4492799DD2E7A /* UIKit.framework in Frameworks */,
				C0F53C8E5E83497CA63EAFD4 /* Foundation.framework in Frameworks */,
				C748EF9ACC974E3C8E56DF4F /* CoreGraphics.framework in Frameworks */,
				41007F104FA843C5B96887A7 /* Security.framework in Frameworks */,
				4F20CE0335F34B70B05500FA /* SafariServices.framework in Frameworks */,
				7519768FC92B4153AA1CC58D /* MobileCoreServices.framework in Frameworks */,
				50FE4ED4E75C4623B03CF25C /* libz.tbd in Frameworks */,
			);
			runOnlyForDeploymentPostprocessing = 0;
		};
/* End PBXFrameworksBuildPhase section */

/* Begin PBXGroup section */
		293A4B5C6D7E8F90A1B2C3D4E5F60718 = {
			isa = PBXGroup;
			children = (
				6418430BE69A4C428CB3E1D2 /* YueStore */,
				1BE8D3EF7C654091AAE2F2AE /* Signer */,
				3A4B5C6D7E8F90A1B2C3D4E5F6071829 /* Products */,
			);
			sourceTree = "<group>";
		};
		6418430BE69A4C428CB3E1D2 /* YueStore */ = {
			isa = PBXGroup;
			children = (
				C2CC12BC232945EDB39E463E /* main.m */,
				58BD29FEDB3A4658A0482930 /* AppDelegate.m */,
				01597266E90A4A5DA3A95772 /* SceneDelegate.m */,
				4BF7092F6D714BB78A4F2FA6 /* StarFieldView.m */,
				F7829EAD20304B0DB2837E57 /* LiquidGlassTabBarController.m */,
				88CB85A67A7E49CD9B89D6E8 /* HomeViewController.m */,
				F23C0EA736E845AA85493791 /* CategoryViewController.m */,
				6DC8D7A7463D4E6F8D476E4E /* SearchViewController.m */,
				4151D6C9B46747DB8D4A6915 /* SignViewController.m */,
				791C42E533BC42D78E2B06C2 /* AppDetailViewController.m */,
				236980200262471CA2465A43 /* AppCollectionViewCell.m */,
				2138C189E8594703AD3115A0 /* AppModel.m */,
				E693228CB61C4C308F272843 /* APIManager.m */,
				2B0E4358D10544BEB7A1F04B /* IPADownloadManager.m */,
				8DDD007DE70A4B2D84178985 /* CertificateManager.m */,
				05677957F03C484C87D55AA6 /* AppDelegate.h */,
				0DE39DF0100640EFBFE90A36 /* SceneDelegate.h */,
				2454A4104AEB4264AD628253 /* StarFieldView.h */,
				C813CC9102A44623A23C15D1 /* LiquidGlassTabBarController.h */,
				BE4541B26A4C45209BC39D67 /* HomeViewController.h */,
				20C58DE034914AFABF0F9366 /* CategoryViewController.h */,
				8406513D321D47C188337736 /* SearchViewController.h */,
				9EC95337989C4AC6B27968EE /* SignViewController.h */,
				6C8D39C1B10742D9AA7328C6 /* AppDetailViewController.h */,
				43B6D11412534C2BBD9B1601 /* AppCollectionViewCell.h */,
				747022720AC8410486103C14 /* AppModel.h */,
				76C3A80D5DDB40FFAF8C0E85 /* APIManager.h */,
				24359AF4667C43A987221CFE /* IPADownloadManager.h */,
				2B667792B31A4417A1E523FE /* CertificateManager.h */,
				7EAEB671DFE8465AB17D0341 /* Assets.xcassets */,
				F08C72CA24A74D159F76F975 /* Info.plist */,
			);
			path = YueStore;
			sourceTree = "<group>";
		};
		1BE8D3EF7C654091AAE2F2AE /* Signer */ = {
			isa = PBXGroup;
			children = (
				2984ED11FC60474E97733D2D /* SignerBridge.m */,
				3B767541A4924843B51FDB66 /* ipa_signer.c */,
				F48DA865423541F08D87A3E8 /* SignerBridge.h */,
				6409DC0B2128477C8BC94EDD /* ipa_signer.h */,
				6DA93F6698E242BFB405251A /* minizip */,
			);
			path = Signer;
			sourceTree = "<group>";
		};
		6DA93F6698E242BFB405251A /* minizip */ = {
			isa = PBXGroup;
			children = (
				13FA8487F0D4492D91E500D3 /* ioapi.c */,
				93551F6077074DC8ADBFDCC5 /* zip.c */,
				01C2D80E89D44B1AB827032E /* unzip.c */,
				BB3BC9D2A01C464E8730BF6B /* ioapi.h */,
				5E07821DC3734B189C143E6F /* zip.h */,
				63E80FCA566644F2AF9378B7 /* unzip.h */,
			);
			path = minizip;
			sourceTree = "<group>";
		};
		3A4B5C6D7E8F90A1B2C3D4E5F6071829 /* Products */ = {
			isa = PBXGroup;
			children = (
				7E8F90A1B2C3D4E5F60718293A4B5C6D /* YueStore.app */,
			);
			name = Products;
			sourceTree = "<group>";
		};
/* End PBXGroup section */

/* Begin PBXNativeTarget section */
		B2C3D4E5F60718293A4B5C6D7E8F90A1 /* YueStore */ = {
			isa = PBXNativeTarget;
			buildConfigurationList = D4E5F60718293A4B5C6D7E8F90A1B2C3 /* Build configuration list for PBXNativeTarget "YueStore" */;
			buildPhases = (
				4B5C6D7E8F90A1B2C3D4E5F60718293A /* Sources */,
				5C6D7E8F90A1B2C3D4E5F60718293A4B /* Frameworks */,
				6D7E8F90A1B2C3D4E5F60718293A4B5C /* Resources */,
			);
			buildRules = (
			);
			dependencies = (
			);
			name = YueStore;
			productName = YueStore;
			productReference = 7E8F90A1B2C3D4E5F60718293A4B5C6D /* YueStore.app */;
			productType = "com.apple.product-type.application";
		};
/* End PBXNativeTarget section */

/* Begin PBXProject section */
		A1B2C3D4E5F60718293A4B5C6D7E8F90 /* Project object */ = {
			isa = PBXProject;
			attributes = {
				BuildIndependentTargetsInParallel = 1;
				LastUpgradeCheck = 1640;
				TargetAttributes = {
					B2C3D4E5F60718293A4B5C6D7E8F90A1 = {
						CreatedOnToolsVersion = 16.4;
					};
				};
			};
			buildConfigurationList = C3D4E5F60718293A4B5C6D7E8F90A1B2 /* Build configuration list for PBXProject "YueStore" */;
			compatibilityVersion = "Xcode 14.0";
			developmentRegion = en;
			hasScannedForEncodings = 0;
			knownRegions = (
				en,
				Base,
			);
			mainGroup = 293A4B5C6D7E8F90A1B2C3D4E5F60718;
			productRefGroup = 3A4B5C6D7E8F90A1B2C3D4E5F6071829 /* Products */;
			projectDirPath = "";
			projectRoot = "";
			targets = (
				B2C3D4E5F60718293A4B5C6D7E8F90A1 /* YueStore */,
			);
		};
/* End PBXProject section */

/* Begin PBXResourcesBuildPhase section */
		6D7E8F90A1B2C3D4E5F60718293A4B5C /* Resources */ = {
			isa = PBXResourcesBuildPhase;
			buildActionMask = 2147483647;
			files = (
				18360C7AC90549909DDED520 /* Assets.xcassets in Resources */,
			);
			runOnlyForDeploymentPostprocessing = 0;
		};
/* End PBXResourcesBuildPhase section */

/* Begin PBXSourcesBuildPhase section */
		4B5C6D7E8F90A1B2C3D4E5F60718293A /* Sources */ = {
			isa = PBXSourcesBuildPhase;
			buildActionMask = 2147483647;
			files = (
				A46809DF46B9480885A62F32 /* main.m in Sources */,
				82A915A9B02C4F1C8EBD0C80 /* AppDelegate.m in Sources */,
				C903B02ACBE04381B24E1F49 /* SceneDelegate.m in Sources */,
				CECD46797ACB41EB9A680526 /* StarFieldView.m in Sources */,
				EF3FC5E70FF04932BDCB97FA /* LiquidGlassTabBarController.m in Sources */,
				BCF1C85C4BC04E2981F01860 /* HomeViewController.m in Sources */,
				E578B05C549946F7ADAF48A2 /* CategoryViewController.m in Sources */,
				A9B07EFA13E147319829F008 /* SearchViewController.m in Sources */,
				71345E39F9A74313813A6637 /* SignViewController.m in Sources */,
				6D0A480BDA9D47F9BBAC61D1 /* AppDetailViewController.m in Sources */,
				0DBF006DAF6040CAB4760D2E /* AppCollectionViewCell.m in Sources */,
				D11F1DA6CC2640A898717CA3 /* AppModel.m in Sources */,
				0D67F0E3463C43158C92A326 /* APIManager.m in Sources */,
				87B00FF23E9C473AAC2E7BD6 /* IPADownloadManager.m in Sources */,
				2C69E66AE1CF4E87826B610E /* CertificateManager.m in Sources */,
				A06788841E514186B0CAB982 /* SignerBridge.m in Sources */,
				874F974958884F6DBBF2A83B /* ipa_signer.c in Sources */,
				1832C572DD434427A2227681 /* ioapi.c in Sources */,
				3C5F1397E650449CAA37FD31 /* zip.c in Sources */,
				19F58E5E57114ACC8C39BA02 /* unzip.c in Sources */,
			);
			runOnlyForDeploymentPostprocessing = 0;
		};
/* End PBXSourcesBuildPhase section */

/* Begin XCBuildConfiguration section */
		E5F60718293A4B5C6D7E8F90A1B2C3D4 /* Debug */ = {
			isa = XCBuildConfiguration;
			buildSettings = {
				ALWAYS_SEARCH_USER_PATHS = NO;
				CLANG_ENABLE_MODULES = YES;
				CLANG_ENABLE_OBJC_ARC = YES;
				CLANG_ENABLE_OBJC_WEAK = YES;
				COPY_PHASE_STRIP = NO;
				DEBUG_INFORMATION_FORMAT = dwarf;
				GCC_C_LANGUAGE_STANDARD = gnu17;
				GCC_DYNAMIC_NO_PIC = NO;
				GCC_NO_COMMON_BLOCKS = YES;
				GCC_OPTIMIZATION_LEVEL = 0;
				GCC_PREPROCESSOR_DEFINITIONS = (
					"DEBUG=1",
					"$(inherited)",
				);
				IPHONEOS_DEPLOYMENT_TARGET = 18.0;
				ONLY_ACTIVE_ARCH = YES;
				SDKROOT = iphoneos;
			};
			name = Debug;
		};
		F60718293A4B5C6D7E8F90A1B2C3D4E5 /* Release */ = {
			isa = XCBuildConfiguration;
			buildSettings = {
				ALWAYS_SEARCH_USER_PATHS = NO;
				CLANG_ENABLE_MODULES = YES;
				CLANG_ENABLE_OBJC_ARC = YES;
				CLANG_ENABLE_OBJC_WEAK = YES;
				COPY_PHASE_STRIP = NO;
				DEBUG_INFORMATION_FORMAT = "dwarf-with-dsym";
				ENABLE_NS_ASSERTIONS = NO;
				GCC_C_LANGUAGE_STANDARD = gnu17;
				GCC_NO_COMMON_BLOCKS = YES;
				IPHONEOS_DEPLOYMENT_TARGET = 18.0;
				SDKROOT = iphoneos;
				VALIDATE_PRODUCT = YES;
			};
			name = Release;
		};
		0718293A4B5C6D7E8F90A1B2C3D4E5F6 /* Debug */ = {
			isa = XCBuildConfiguration;
			buildSettings = {
				ASSETCATALOG_COMPILER_APPICON_NAME = AppIcon;
				ASSETCATALOG_COMPILER_GLOBAL_ACCENT_COLOR_NAME = AccentColor;
				CODE_SIGN_STYLE = Automatic;
				CURRENT_PROJECT_VERSION = 1;
				GENERATE_INFOPLIST_FILE = NO;
				HEADER_SEARCH_PATHS = (
					"$(inherited)",
					"$(SRCROOT)/Signer",
					"$(SRCROOT)/Signer/minizip",
				);
				INFOPLIST_FILE = YueStore/Info.plist;
				LD_RUNPATH_SEARCH_PATHS = (
					"$(inherited)",
					"@executable_path/Frameworks",
				);
				MARKETING_VERSION = 1.0;
				OTHER_LDFLAGS = (
					"$(inherited)",
					"-lz",
				);
				PRODUCT_BUNDLE_IDENTIFIER = com.yuestore.app;
				PRODUCT_NAME = "$(TARGET_NAME)";
				TARGETED_DEVICE_FAMILY = "1,2";
			};
			name = Debug;
		};
		18293A4B5C6D7E8F90A1B2C3D4E5F607 /* Release */ = {
			isa = XCBuildConfiguration;
			buildSettings = {
				ASSETCATALOG_COMPILER_APPICON_NAME = AppIcon;
				ASSETCATALOG_COMPILER_GLOBAL_ACCENT_COLOR_NAME = AccentColor;
				CODE_SIGN_STYLE = Automatic;
				CURRENT_PROJECT_VERSION = 1;
				GENERATE_INFOPLIST_FILE = NO;
				HEADER_SEARCH_PATHS = (
					"$(inherited)",
					"$(SRCROOT)/Signer",
					"$(SRCROOT)/Signer/minizip",
				);
				INFOPLIST_FILE = YueStore/Info.plist;
				LD_RUNPATH_SEARCH_PATHS = (
					"$(inherited)",
					"@executable_path/Frameworks",
				);
				MARKETING_VERSION = 1.0;
				OTHER_LDFLAGS = (
					"$(inherited)",
					"-lz",
				);
				PRODUCT_BUNDLE_IDENTIFIER = com.yuestore.app;
				PRODUCT_NAME = "$(TARGET_NAME)";
				TARGETED_DEVICE_FAMILY = "1,2";
			};
			name = Release;
		};
/* End XCBuildConfiguration section */

/* Begin XCConfigurationList section */
		C3D4E5F60718293A4B5C6D7E8F90A1B2 /* Build configuration list for PBXProject "YueStore" */ = {
			isa = XCConfigurationList;
			buildConfigurations = (
				E5F60718293A4B5C6D7E8F90A1B2C3D4 /* Debug */,
				F60718293A4B5C6D7E8F90A1B2C3D4E5 /* Release */,
			);
			defaultConfigurationIsVisible = 0;
			defaultConfigurationName = Release;
		};
		D4E5F60718293A4B5C6D7E8F90A1B2C3 /* Build configuration list for PBXNativeTarget "YueStore" */ = {
			isa = XCConfigurationList;
			buildConfigurations = (
				0718293A4B5C6D7E8F90A1B2C3D4E5F6 /* Debug */,
				18293A4B5C6D7E8F90A1B2C3D4E5F607 /* Release */,
			);
			defaultConfigurationIsVisible = 0;
			defaultConfigurationName = Release;
		};
/* End XCConfigurationList section */
	};
	rootObject = A1B2C3D4E5F60718293A4B5C6D7E8F90 /* Project object */;
}
